// !$*UTF8*$!
{
	archiveVersion = 1;
	classes = {
	};
	objectVersion = 50;
	objects = {

/* Begin PBXBuildFile section */
		C21842BC2188A03D003CB121 /* AppDelegate.swift in Sources */ = {isa = PBXBuildFile; fileRef = C21842BB2188A03D003CB121 /* AppDelegate.swift */; };
		C21842BE2188A03D003CB121 /* MainViewController.swift in Sources */ = {isa = PBXBuildFile; fileRef = C21842BD2188A03D003CB121 /* MainViewController.swift */; };
		C21842C12188A03D003CB121 /* Main.storyboard in Resources */ = {isa = PBXBuildFile; fileRef = C21842BF2188A03D003CB121 /* Main.storyboard */; };
		C21842C32188A03D003CB121 /* Assets.xcassets in Resources */ = {isa = PBXBuildFile; fileRef = C21842C22188A03D003CB121 /* Assets.xcassets */; };
		C21842C62188A03D003CB121 /* LaunchScreen.storyboard in Resources */ = {isa = PBXBuildFile; fileRef = C21842C42188A03D003CB121 /* LaunchScreen.storyboard */; };
		C22259AF2189AD27002373CA /* GraphView.swift in Sources */ = {isa = PBXBuildFile; fileRef = C22259AE2189AD27002373CA /* GraphView.swift */; };
		C22259B22189E866002373CA /* Extensions.swift in Sources */ = {isa = PBXBuildFile; fileRef = C22259B12189E866002373CA /* Extensions.swift */; };
		C24694E02189979500775B4F /* Model.swift in Sources */ = {isa = PBXBuildFile; fileRef = C24694DF2189979500775B4F /* Model.swift */; };
		C28C77B2218AF29000E70265 /* ServiceRegistry.swift in Sources */ = {isa = PBXBuildFile; fileRef = C28C77B1218AF29000E70265 /* ServiceRegistry.swift */; };
		C28C77B4218AF88A00E70265 /* GenericState.swift in Sources */ = {isa = PBXBuildFile; fileRef = C28C77B3218AF88A00E70265 /* GenericState.swift */; };
		C28C77B6218AF9E000E70265 /* State.swift in Sources */ = {isa = PBXBuildFile; fileRef = C28C77B5218AF9E000E70265 /* State.swift */; };
		C2AC44542188A3BD00AD7F86 /* Default-568h@2x.png in Resources */ = {isa = PBXBuildFile; fileRef = C2AC44532188A3BD00AD7F86 /* Default-568h@2x.png */; };
		C2AC44592188A9C800AD7F86 /* GenericModel.swift in Sources */ = {isa = PBXBuildFile; fileRef = C2AC44582188A9C800AD7F86 /* GenericModel.swift */; };
		C2AC445C2188AA4600AD7F86 /* GenericSymbol.swift in Sources */ = {isa = PBXBuildFile; fileRef = C2AC445B2188AA4600AD7F86 /* GenericSymbol.swift */; };
		C2AC445E2188AB5500AD7F86 /* Symbol.swift in Sources */ = {isa = PBXBuildFile; fileRef = C2AC445D2188AB5500AD7F86 /* Symbol.swift */; };
/* End PBXBuildFile section */

/* Begin PBXFileReference section */
		C21842B82188A03D003CB121 /* GraphEditor.app */ = {isa = PBXFileReference; explicitFileType = wrapper.application; includeInIndex = 0; path = GraphEditor.app; sourceTree = BUILT_PRODUCTS_DIR; };
		C21842BB2188A03D003CB121 /* AppDelegate.swift */ = {isa = PBXFileReference; lastKnownFileType = sourcecode.swift; path = AppDelegate.swift; sourceTree = "<group>"; };
		C21842BD2188A03D003CB121 /* MainViewController.swift */ = {isa = PBXFileReference; lastKnownFileType = sourcecode.swift; path = MainViewController.swift; sourceTree = "<group>"; };
		C21842C02188A03D003CB121 /* Base */ = {isa = PBXFileReference; lastKnownFileType = file.storyboard; name = Base; path = Base.lproj/Main.storyboard; sourceTree = "<group>"; };
		C21842C22188A03D003CB121 /* Assets.xcassets */ = {isa = PBXFileReference; lastKnownFileType = folder.assetcatalog; path = Assets.xcassets; sourceTree = "<group>"; };
		C21842C52188A03D003CB121 /* Base */ = {isa = PBXFileReference; lastKnownFileType = file.storyboard; name = Base; path = Base.lproj/LaunchScreen.storyboard; sourceTree = "<group>"; };
		C21842C72188A03D003CB121 /* Info.plist */ = {isa = PBXFileReference; lastKnownFileType = text.plist.xml; path = Info.plist; sourceTree = "<group>"; };
		C22259AE2189AD27002373CA /* GraphView.swift */ = {isa = PBXFileReference; lastKnownFileType = sourcecode.swift; path = GraphView.swift; sourceTree = "<group>"; };
		C22259B12189E866002373CA /* Extensions.swift */ = {isa = PBXFileReference; lastKnownFileType = sourcecode.swift; path = Extensions.swift; sourceTree = "<group>"; };
		C24694DF2189979500775B4F /* Model.swift */ = {isa = PBXFileReference; lastKnownFileType = sourcecode.swift; path = Model.swift; sourceTree = "<group>"; };
		C28C77B1218AF29000E70265 /* ServiceRegistry.swift */ = {isa = PBXFileReference; lastKnownFileType = sourcecode.swift; path = ServiceRegistry.swift; sourceTree = "<group>"; };
		C28C77B3218AF88A00E70265 /* GenericState.swift */ = {isa = PBXFileReference; lastKnownFileType = sourcecode.swift; path = GenericState.swift; sourceTree = "<group>"; };
		C28C77B5218AF9E000E70265 /* State.swift */ = {isa = PBXFileReference; lastKnownFileType = sourcecode.swift; path = State.swift; sourceTree = "<group>"; };
		C2AC44532188A3BD00AD7F86 /* Default-568h@2x.png */ = {isa = PBXFileReference; lastKnownFileType = image.png; path = "Default-568h@2x.png"; sourceTree = "<group>"; };
		C2AC44582188A9C800AD7F86 /* GenericModel.swift */ = {isa = PBXFileReference; lastKnownFileType = sourcecode.swift; path = GenericModel.swift; sourceTree = "<group>"; };
		C2AC445B2188AA4600AD7F86 /* GenericSymbol.swift */ = {isa = PBXFileReference; lastKnownFileType = sourcecode.swift; path = GenericSymbol.swift; sourceTree = "<group>"; };
		C2AC445D2188AB5500AD7F86 /* Symbol.swift */ = {isa = PBXFileReference; lastKnownFileType = sourcecode.swift; path = Symbol.swift; sourceTree = "<group>"; };
/* End PBXFileReference section */

/* Begin PBXFrameworksBuildPhase section */
		C21842B52188A03D003CB121 /* Frameworks */ = {
			isa = PBXFrameworksBuildPhase;
			buildActionMask = 2147483647;
			files = (
			);
			runOnlyForDeploymentPostprocessing = 0;
		};
/* End PBXFrameworksBuildPhase section */

/* Begin PBXGroup section */
		C21842AF2188A03C003CB121 = {
			isa = PBXGroup;
			children = (
				C21842BA2188A03D003CB121 /* GraphEditor */,
				C21842B92188A03D003CB121 /* Products */,
			);
			sourceTree = "<group>";
		};
		C21842B92188A03D003CB121 /* Products */ = {
			isa = PBXGroup;
			children = (
				C21842B82188A03D003CB121 /* GraphEditor.app */,
			);
			name = Products;
			sourceTree = "<group>";
		};
		C21842BA2188A03D003CB121 /* GraphEditor */ = {
			isa = PBXGroup;
			children = (
				C28C77B0218AF24B00E70265 /* Commands */,
				C28C77AF218AF23F00E70265 /* Actions */,
				C22259B02189E84E002373CA /* Helper */,
				C2AC44572188A51400AD7F86 /* StateMachine */,
				C2AC44562188A4D200AD7F86 /* View */,
				C2AC44552188A4C900AD7F86 /* Model */,
				C21842CD2188A175003CB121 /* Resources */,
				C21842CE2188A190003CB121 /* Main */,
			);
			path = GraphEditor;
			sourceTree = "<group>";
		};
		C21842CD2188A175003CB121 /* Resources */ = {
			isa = PBXGroup;
			children = (
				C2AC44532188A3BD00AD7F86 /* Default-568h@2x.png */,
				C21842C22188A03D003CB121 /* Assets.xcassets */,
			);
			path = Resources;
			sourceTree = "<group>";
		};
		C21842CE2188A190003CB121 /* Main */ = {
			isa = PBXGroup;
			children = (
				C21842C72188A03D003CB121 /* Info.plist */,
				C21842C42188A03D003CB121 /* LaunchScreen.storyboard */,
				C21842BB2188A03D003CB121 /* AppDelegate.swift */,
				C28C77B1218AF29000E70265 /* ServiceRegistry.swift */,
			);
			path = Main;
			sourceTree = "<group>";
		};
		C22259B02189E84E002373CA /* Helper */ = {
			isa = PBXGroup;
			children = (
				C22259B12189E866002373CA /* Extensions.swift */,
			);
			path = Helper;
			sourceTree = "<group>";
		};
		C28C77AF218AF23F00E70265 /* Actions */ = {
			isa = PBXGroup;
			children = (
			);
			path = Actions;
			sourceTree = "<group>";
		};
		C28C77B0218AF24B00E70265 /* Commands */ = {
			isa = PBXGroup;
			children = (
			);
			path = Commands;
			sourceTree = "<group>";
		};
		C2AC44552188A4C900AD7F86 /* Model */ = {
			isa = PBXGroup;
			children = (
				C2AC445A2188AA3100AD7F86 /* Symbols */,
				C2AC44582188A9C800AD7F86 /* GenericModel.swift */,
				C24694DF2189979500775B4F /* Model.swift */,
			);
			path = Model;
			sourceTree = "<group>";
		};
		C2AC44562188A4D200AD7F86 /* View */ = {
			isa = PBXGroup;
			children = (
				C21842BD2188A03D003CB121 /* MainViewController.swift */,
				C21842BF2188A03D003CB121 /* Main.storyboard */,
				C22259AE2189AD27002373CA /* GraphView.swift */,
			);
			path = View;
			sourceTree = "<group>";
		};
		C2AC44572188A51400AD7F86 /* StateMachine */ = {
			isa = PBXGroup;
			children = (
				C28C77B3218AF88A00E70265 /* GenericState.swift */,
				C28C77B5218AF9E000E70265 /* State.swift */,
			);
			path = StateMachine;
			sourceTree = "<group>";
		};
		C2AC445A2188AA3100AD7F86 /* Symbols */ = {
			isa = PBXGroup;
			children = (
				C2AC445B2188AA4600AD7F86 /* GenericSymbol.swift */,
				C2AC445D2188AB5500AD7F86 /* Symbol.swift */,
			);
			path = Symbols;
			sourceTree = "<group>";
		};
/* End PBXGroup section */

/* Begin PBXNativeTarget section */
		C21842B72188A03D003CB121 /* GraphEditor */ = {
			isa = PBXNativeTarget;
			buildConfigurationList = C21842CA2188A03D003CB121 /* Build configuration list for PBXNativeTarget "GraphEditor" */;
			buildPhases = (
				C21842B42188A03D003CB121 /* Sources */,
				C21842B52188A03D003CB121 /* Frameworks */,
				C21842B62188A03D003CB121 /* Resources */,
			);
			buildRules = (
			);
			dependencies = (
			);
			name = GraphEditor;
			productName = GraphEditor;
			productReference = C21842B82188A03D003CB121 /* GraphEditor.app */;
			productType = "com.apple.product-type.application";
		};
/* End PBXNativeTarget section */

/* Begin PBXProject section */
		C21842B02188A03C003CB121 /* Project object */ = {
			isa = PBXProject;
			attributes = {
				LastSwiftUpdateCheck = 1000;
				LastUpgradeCheck = 1000;
				ORGANIZATIONNAME = "Dragoslav Ignjatovic";
				TargetAttributes = {
					C21842B72188A03D003CB121 = {
						CreatedOnToolsVersion = 10.0;
					};
				};
			};
			buildConfigurationList = C21842B32188A03C003CB121 /* Build configuration list for PBXProject "GraphEditor" */;
			compatibilityVersion = "Xcode 9.3";
			developmentRegion = en;
			hasScannedForEncodings = 0;
			knownRegions = (
				en,
				Base,
			);
			mainGroup = C21842AF2188A03C003CB121;
			productRefGroup = C21842B92188A03D003CB121 /* Products */;
			projectDirPath = "";
			projectRoot = "";
			targets = (
				C21842B72188A03D003CB121 /* GraphEditor */,
			);
		};
/* End PBXProject section */

/* Begin PBXResourcesBuildPhase section */
		C21842B62188A03D003CB121 /* Resources */ = {
			isa = PBXResourcesBuildPhase;
			buildActionMask = 2147483647;
			files = (
				C21842C62188A03D003CB121 /* LaunchScreen.storyboard in Resources */,
				C2AC44542188A3BD00AD7F86 /* Default-568h@2x.png in Resources */,
				C21842C32188A03D003CB121 /* Assets.xcassets in Resources */,
				C21842C12188A03D003CB121 /* Main.storyboard in Resources */,
			);
			runOnlyForDeploymentPostprocessing = 0;
		};
/* End PBXResourcesBuildPhase section */

/* Begin PBXSourcesBuildPhase section */
		C21842B42188A03D003CB121 /* Sources */ = {
			isa = PBXSourcesBuildPhase;
			buildActionMask = 2147483647;
			files = (
				C21842BE2188A03D003CB121 /* MainViewController.swift in Sources */,
				C2AC445E2188AB5500AD7F86 /* Symbol.swift in Sources */,
				C22259AF2189AD27002373CA /* GraphView.swift in Sources */,
				C28C77B6218AF9E000E70265 /* State.swift in Sources */,
				C22259B22189E866002373CA /* Extensions.swift in Sources */,
				C2AC445C2188AA4600AD7F86 /* GenericSymbol.swift in Sources */,
				C24694E02189979500775B4F /* Model.swift in Sources */,
				C28C77B2218AF29000E70265 /* ServiceRegistry.swift in Sources */,
				C2AC44592188A9C800AD7F86 /* GenericModel.swift in Sources */,
				C21842BC2188A03D003CB121 /* AppDelegate.swift in Sources */,
				C28C77B4218AF88A00E70265 /* GenericState.swift in Sources */,
			);
			runOnlyForDeploymentPostprocessing = 0;
		};
/* End PBXSourcesBuildPhase section */

/* Begin PBXVariantGroup section */
		C21842BF2188A03D003CB121 /* Main.storyboard */ = {
			isa = PBXVariantGroup;
			children = (
				C21842C02188A03D003CB121 /* Base */,
			);
			name = Main.storyboard;
			sourceTree = "<group>";
		};
		C21842C42188A03D003CB121 /* LaunchScreen.storyboard */ = {
			isa = PBXVariantGroup;
			children = (
				C21842C52188A03D003CB121 /* Base */,
			);
			name = LaunchScreen.storyboard;
			sourceTree = "<group>";
		};
/* End PBXVariantGroup section */

/* Begin XCBuildConfiguration section */
		C21842C82188A03D003CB121 /* Debug */ = {
			isa = XCBuildConfiguration;
			buildSettings = {
				ALWAYS_SEARCH_USER_PATHS = NO;
				CLANG_ANALYZER_NONNULL = YES;
				CLANG_ANALYZER_NUMBER_OBJECT_CONVERSION = YES_AGGRESSIVE;
				CLANG_CXX_LANGUAGE_STANDARD = "gnu++14";
				CLANG_CXX_LIBRARY = "libc++";
				CLANG_ENABLE_MODULES = YES;
				CLANG_ENABLE_OBJC_ARC = YES;
				CLANG_ENABLE_OBJC_WEAK = YES;
				CLANG_WARN_BLOCK_CAPTURE_AUTORELEASING = YES;
				CLANG_WARN_BOOL_CONVERSION = YES;
				CLANG_WARN_COMMA = YES;
				CLANG_WARN_CONSTANT_CONVERSION = YES;
				CLANG_WARN_DEPRECATED_OBJC_IMPLEMENTATIONS = YES;
				CLANG_WARN_DIRECT_OBJC_ISA_USAGE = YES_ERROR;
				CLANG_WARN_DOCUMENTATION_COMMENTS = YES;
				CLANG_WARN_EMPTY_BODY = YES;
				CLANG_WARN_ENUM_CONVERSION = YES;
				CLANG_WARN_INFINITE_RECURSION = YES;
				CLANG_WARN_INT_CONVERSION = YES;
				CLANG_WARN_NON_LITERAL_NULL_CONVERSION = YES;
				CLANG_WARN_OBJC_IMPLICIT_RETAIN_SELF = YES;
				CLANG_WARN_OBJC_LITERAL_CONVERSION = YES;
				CLANG_WARN_OBJC_ROOT_CLASS = YES_ERROR;
				CLANG_WARN_RANGE_LOOP_ANALYSIS = YES;
				CLANG_WARN_STRICT_PROTOTYPES = YES;
				CLANG_WARN_SUSPICIOUS_MOVE = YES;
				CLANG_WARN_UNGUARDED_AVAILABILITY = YES_AGGRESSIVE;
				CLANG_WARN_UNREACHABLE_CODE = YES;
				CLANG_WARN__DUPLICATE_METHOD_MATCH = YES;
				CODE_SIGN_IDENTITY = "iPhone Developer";
				COPY_PHASE_STRIP = NO;
				DEBUG_INFORMATION_FORMAT = dwarf;
				ENABLE_STRICT_OBJC_MSGSEND = YES;
				ENABLE_TESTABILITY = YES;
				GCC_C_LANGUAGE_STANDARD = gnu11;
				GCC_DYNAMIC_NO_PIC = NO;
				GCC_NO_COMMON_BLOCKS = YES;
				GCC_OPTIMIZATION_LEVEL = 0;
				GCC_PREPROCESSOR_DEFINITIONS = (
					"DEBUG=1",
					"$(inherited)",
				);
				GCC_WARN_64_TO_32_BIT_CONVERSION = YES;
				GCC_WARN_ABOUT_RETURN_TYPE = YES_ERROR;
				GCC_WARN_UNDECLARED_SELECTOR = YES;
				GCC_WARN_UNINITIALIZED_AUTOS = YES_AGGRESSIVE;
				GCC_WARN_UNUSED_FUNCTION = YES;
				GCC_WARN_UNUSED_VARIABLE = YES;
				IPHONEOS_DEPLOYMENT_TARGET = 12.0;
				MTL_ENABLE_DEBUG_INFO = INCLUDE_SOURCE;
				MTL_FAST_MATH = YES;
				ONLY_ACTIVE_ARCH = YES;
				SDKROOT = iphoneos;
				SWIFT_ACTIVE_COMPILATION_CONDITIONS = DEBUG;
				SWIFT_OPTIMIZATION_LEVEL = "-Onone";
			};
			name = Debug;
		};
		C21842C92188A03D003CB121 /* Release */ = {
			isa = XCBuildConfiguration;
			buildSettings = {
				ALWAYS_SEARCH_USER_PATHS = NO;
				CLANG_ANALYZER_NONNULL = YES;
				CLANG_ANALYZER_NUMBER_OBJECT_CONVERSION = YES_AGGRESSIVE;
				CLANG_CXX_LANGUAGE_STANDARD = "gnu++14";
				CLANG_CXX_LIBRARY = "libc++";
				CLANG_ENABLE_MODULES = YES;
				CLANG_ENABLE_OBJC_ARC = YES;
				CLANG_ENABLE_OBJC_WEAK = YES;
				CLANG_WARN_BLOCK_CAPTURE_AUTORELEASING = YES;
				CLANG_WARN_BOOL_CONVERSION = YES;
				CLANG_WARN_COMMA = YES;
				CLANG_WARN_CONSTANT_CONVERSION = YES;
				CLANG_WARN_DEPRECATED_OBJC_IMPLEMENTATIONS = YES;
				CLANG_WARN_DIRECT_OBJC_ISA_USAGE = YES_ERROR;
				CLANG_WARN_DOCUMENTATION_COMMENTS = YES;
				CLANG_WARN_EMPTY_BODY = YES;
				CLANG_WARN_ENUM_CONVERSION = YES;
				CLANG_WARN_INFINITE_RECURSION = YES;
				CLANG_WARN_INT_CONVERSION = YES;
				CLANG_WARN_NON_LITERAL_NULL_CONVERSION = YES;
				CLANG_WARN_OBJC_IMPLICIT_RETAIN_SELF = YES;
				CLANG_WARN_OBJC_LITERAL_CONVERSION = YES;
				CLANG_WARN_OBJC_ROOT_CLASS = YES_ERROR;
				CLANG_WARN_RANGE_LOOP_ANALYSIS = YES;
				CLANG_WARN_STRICT_PROTOTYPES = YES;
				CLANG_WARN_SUSPICIOUS_MOVE = YES;
				CLANG_WARN_UNGUARDED_AVAILABILITY = YES_AGGRESSIVE;
				CLANG_WARN_UNREACHABLE_CODE = YES;
				CLANG_WARN__DUPLICATE_METHOD_MATCH = YES;
				CODE_SIGN_IDENTITY = "iPhone Developer";
				COPY_PHASE_STRIP = NO;
				DEBUG_INFORMATION_FORMAT = "dwarf-with-dsym";
				ENABLE_NS_ASSERTIONS = NO;
				ENABLE_STRICT_OBJC_MSGSEND = YES;
				GCC_C_LANGUAGE_STANDARD = gnu11;
				GCC_NO_COMMON_BLOCKS = YES;
				GCC_WARN_64_TO_32_BIT_CONVERSION = YES;
				GCC_WARN_ABOUT_RETURN_TYPE = YES_ERROR;
				GCC_WARN_UNDECLARED_SELECTOR = YES;
				GCC_WARN_UNINITIALIZED_AUTOS = YES_AGGRESSIVE;
				GCC_WARN_UNUSED_FUNCTION = YES;
				GCC_WARN_UNUSED_VARIABLE = YES;
				IPHONEOS_DEPLOYMENT_TARGET = 12.0;
				MTL_ENABLE_DEBUG_INFO = NO;
				MTL_FAST_MATH = YES;
				SDKROOT = iphoneos;
				SWIFT_COMPILATION_MODE = wholemodule;
				SWIFT_OPTIMIZATION_LEVEL = "-O";
				VALIDATE_PRODUCT = YES;
			};
			name = Release;
		};
		C21842CB2188A03D003CB121 /* Debug */ = {
			isa = XCBuildConfiguration;
			buildSettings = {
				ASSETCATALOG_COMPILER_APPICON_NAME = AppIcon;
				CODE_SIGN_STYLE = Automatic;
				DEVELOPMENT_TEAM = 37983BL6GU;
				INFOPLIST_FILE = "$(SRCROOT)/GraphEditor/Main/Info.plist";
				LD_RUNPATH_SEARCH_PATHS = (
					"$(inherited)",
					"@executable_path/Frameworks",
				);
				PRODUCT_BUNDLE_IDENTIFIER = com.NSIDDevelopment.GraphEditor;
				PRODUCT_NAME = "$(TARGET_NAME)";
				SWIFT_VERSION = 4.2;
				TARGETED_DEVICE_FAMILY = 2;
			};
			name = Debug;
		};
		C21842CC2188A03D003CB121 /* Release */ = {
			isa = XCBuildConfiguration;
			buildSettings = {
				ASSETCATALOG_COMPILER_APPICON_NAME = AppIcon;
				CODE_SIGN_STYLE = Automatic;
				DEVELOPMENT_TEAM = 37983BL6GU;
				INFOPLIST_FILE = "$(SRCROOT)/GraphEditor/Main/Info.plist";
				LD_RUNPATH_SEARCH_PATHS = (
					"$(inherited)",
					"@executable_path/Frameworks",
				);
				PRODUCT_BUNDLE_IDENTIFIER = com.NSIDDevelopment.GraphEditor;
				PRODUCT_NAME = "$(TARGET_NAME)";
				SWIFT_VERSION = 4.2;
				TARGETED_DEVICE_FAMILY = 2;
			};
			name = Release;
		};
/* End XCBuildConfiguration section */

/* Begin XCConfigurationList section */
		C21842B32188A03C003CB121 /* Build configuration list for PBXProject "GraphEditor" */ = {
			isa = XCConfigurationList;
			buildConfigurations = (
				C21842C82188A03D003CB121 /* Debug */,
				C21842C92188A03D003CB121 /* Release */,
			);
			defaultConfigurationIsVisible = 0;
			defaultConfigurationName = Release;
		};
		C21842CA2188A03D003CB121 /* Build configuration list for PBXNativeTarget "GraphEditor" */ = {
			isa = XCConfigurationList;
			buildConfigurations = (
				C21842CB2188A03D003CB121 /* Debug */,
				C21842CC2188A03D003CB121 /* Release */,
			);
			defaultConfigurationIsVisible = 0;
			defaultConfigurationName = Release;
		};
/* End XCConfigurationList section */
	};
	rootObject = C21842B02188A03C003CB121 /* Project object */;
}
